// !$*UTF8*$!
{
	archiveVersion = 1;
	classes = {
	};
	objectVersion = 56;
	objects = {

/* Begin PBXBuildFile section */
		A1000001 /* GitSwitchApp.swift in Sources */ = {isa = PBXBuildFile; fileRef = A1000000 /* GitSwitchApp.swift */; };
		A1000003 /* ContentView.swift in Sources */ = {isa = PBXBuildFile; fileRef = A1000002 /* ContentView.swift */; };
		A1000005 /* MenuBarView.swift in Sources */ = {isa = PBXBuildFile; fileRef = A1000004 /* MenuBarView.swift */; };
		A1000007 /* GitProfile.swift in Sources */ = {isa = PBXBuildFile; fileRef = A1000006 /* GitProfile.swift */; };
		A1000009 /* ProfileViewModel.swift in Sources */ = {isa = PBXBuildFile; fileRef = A1000008 /* ProfileViewModel.swift */; };
		A100000B /* ProfileCardView.swift in Sources */ = {isa = PBXBuildFile; fileRef = A100000A /* ProfileCardView.swift */; };
		A100000D /* ProfileEditorView.swift in Sources */ = {isa = PBXBuildFile; fileRef = A100000C /* ProfileEditorView.swift */; };
		A100000F /* GitConfigManager.swift in Sources */ = {isa = PBXBuildFile; fileRef = A100000E /* GitConfigManager.swift */; };
		A1000011 /* SSHConfigManager.swift in Sources */ = {isa = PBXBuildFile; fileRef = A1000010 /* SSHConfigManager.swift */; };
		A1000013 /* Assets.xcassets in Resources */ = {isa = PBXBuildFile; fileRef = A1000012 /* Assets.xcassets */; };
		A100001F /* FeedbackManager.swift in Sources */ = {isa = PBXBuildFile; fileRef = A100001E /* FeedbackManager.swift */; };
		A1000021 /* GHAuthManager.swift in Sources */ = {isa = PBXBuildFile; fileRef = A1000020 /* GHAuthManager.swift */; };
		A1000023 /* ShellRunner.swift in Sources */ = {isa = PBXBuildFile; fileRef = A1000022 /* ShellRunner.swift */; };
		A1000025 /* ProfileScanner.swift in Sources */ = {isa = PBXBuildFile; fileRef = A1000024 /* ProfileScanner.swift */; };
		A1000027 /* ScanResultsView.swift in Sources */ = {isa = PBXBuildFile; fileRef = A1000026 /* ScanResultsView.swift */; };
/* End PBXBuildFile section */

/* Begin PBXFileReference section */
		A1000000 /* GitSwitchApp.swift */ = {isa = PBXFileReference; lastKnownFileType = sourcecode.swift; path = GitSwitchApp.swift; sourceTree = "<group>"; };
		A1000002 /* ContentView.swift */ = {isa = PBXFileReference; lastKnownFileType = sourcecode.swift; path = ContentView.swift; sourceTree = "<group>"; };
		A1000004 /* MenuBarView.swift */ = {isa = PBXFileReference; lastKnownFileType = sourcecode.swift; path = MenuBarView.swift; sourceTree = "<group>"; };
		A1000006 /* GitProfile.swift */ = {isa = PBXFileReference; lastKnownFileType = sourcecode.swift; path = GitProfile.swift; sourceTree = "<group>"; };
		A1000008 /* ProfileViewModel.swift */ = {isa = PBXFileReference; lastKnownFileType = sourcecode.swift; path = ProfileViewModel.swift; sourceTree = "<group>"; };
		A100000A /* ProfileCardView.swift */ = {isa = PBXFileReference; lastKnownFileType = sourcecode.swift; path = ProfileCardView.swift; sourceTree = "<group>"; };
		A100000C /* ProfileEditorView.swift */ = {isa = PBXFileReference; lastKnownFileType = sourcecode.swift; path = ProfileEditorView.swift; sourceTree = "<group>"; };
		A100000E /* GitConfigManager.swift */ = {isa = PBXFileReference; lastKnownFileType = sourcecode.swift; path = GitConfigManager.swift; sourceTree = "<group>"; };
		A1000010 /* SSHConfigManager.swift */ = {isa = PBXFileReference; lastKnownFileType = sourcecode.swift; path = SSHConfigManager.swift; sourceTree = "<group>"; };
		A1000012 /* Assets.xcassets */ = {isa = PBXFileReference; lastKnownFileType = folder.assetcatalog; path = Assets.xcassets; sourceTree = "<group>"; };
		A100001E /* FeedbackManager.swift */ = {isa = PBXFileReference; lastKnownFileType = sourcecode.swift; path = FeedbackManager.swift; sourceTree = "<group>"; };
		A1000020 /* GHAuthManager.swift */ = {isa = PBXFileReference; lastKnownFileType = sourcecode.swift; path = GHAuthManager.swift; sourceTree = "<group>"; };
		A1000022 /* ShellRunner.swift */ = {isa = PBXFileReference; lastKnownFileType = sourcecode.swift; path = ShellRunner.swift; sourceTree = "<group>"; };
		A1000024 /* ProfileScanner.swift */ = {isa = PBXFileReference; lastKnownFileType = sourcecode.swift; path = ProfileScanner.swift; sourceTree = "<group>"; };
		A1000026 /* ScanResultsView.swift */ = {isa = PBXFileReference; lastKnownFileType = sourcecode.swift; path = ScanResultsView.swift; sourceTree = "<group>"; };
		A1FFFFFF /* GitSwitch.app */ = {isa = PBXFileReference; explicitFileType = wrapper.application; includeInIndex = 0; path = GitSwitch.app; sourceTree = BUILT_PRODUCTS_DIR; };
/* End PBXFileReference section */

/* Begin PBXFrameworksBuildPhase section */
		A1FFFFFA /* Frameworks */ = {
			isa = PBXFrameworksBuildPhase;
			buildActionMask = 2147483647;
			files = (
			);
			runOnlyForDeploymentPostprocessing = 0;
		};
/* End PBXFrameworksBuildPhase section */

/* Begin PBXGroup section */
		A1000014 /* GitSwitch */ = {
			isa = PBXGroup;
			children = (
				A1000000 /* GitSwitchApp.swift */,
				A1000002 /* ContentView.swift */,
				A1000004 /* MenuBarView.swift */,
				A1000015 /* Models */,
				A1000016 /* ViewModels */,
				A1000017 /* Views */,
				A1000018 /* Utils */,
				A1000012 /* Assets.xcassets */,
			);
			path = src;
			sourceTree = "<group>";
		};
		A1000015 /* Models */ = {
			isa = PBXGroup;
			children = (
				A1000006 /* GitProfile.swift */,
			);
			path = Models;
			sourceTree = "<group>";
		};
		A1000016 /* ViewModels */ = {
			isa = PBXGroup;
			children = (
				A1000008 /* ProfileViewModel.swift */,
			);
			path = ViewModels;
			sourceTree = "<group>";
		};
		A1000017 /* Views */ = {
			isa = PBXGroup;
			children = (
				A100000A /* ProfileCardView.swift */,
				A100000C /* ProfileEditorView.swift */,
				A1000026 /* ScanResultsView.swift */,
			);
			path = Views;
			sourceTree = "<group>";
		};
		A1000018 /* Utils */ = {
			isa = PBXGroup;
			children = (
				A100000E /* GitConfigManager.swift */,
				A1000010 /* SSHConfigManager.swift */,
				A100001E /* FeedbackManager.swift */,
				A1000020 /* GHAuthManager.swift */,
				A1000022 /* ShellRunner.swift */,
				A1000024 /* ProfileScanner.swift */,
			);
			path = Utils;
			sourceTree = "<group>";
		};
		A1FFFFF6 = {
			isa = PBXGroup;
			children = (
				A1000014 /* GitSwitch */,
				A1FFFFFD /* Products */,
			);
			sourceTree = "<group>";
		};
		A1FFFFFD /* Products */ = {
			isa = PBXGroup;
			children = (
				A1FFFFFF /* GitSwitch.app */,
			);
			name = Products;
			sourceTree = "<group>";
		};
/* End PBXGroup section */

/* Begin PBXNativeTarget section */
		A1FFFFFE /* GitSwitch */ = {
			isa = PBXNativeTarget;
			buildConfigurationList = A1000019 /* Build configuration list for PBXNativeTarget "GitSwitch" */;
			buildPhases = (
				A1FFFFF9 /* Sources */,
				A1FFFFFA /* Frameworks */,
				A1FFFFFB /* Resources */,
			);
			buildRules = (
			);
			dependencies = (
			);
			name = GitSwitch;
			productName = GitSwitch;
			productReference = A1FFFFFF /* GitSwitch.app */;
			productType = "com.apple.product-type.application";
		};
/* End PBXNativeTarget section */

/* Begin PBXProject section */
		A1FFFFF7 /* Project object */ = {
			isa = PBXProject;
			buildConfigurationList = A1FFFFF8 /* Build configuration list for PBXProject "GitSwitch" */;
			compatibilityVersion = "Xcode 15.0";
			developmentRegion = en;
			hasScannedForEncodings = 0;
			knownRegions = (
				en,
				Base,
			);
			mainGroup = A1FFFFF6;
			productRefGroup = A1FFFFFD /* Products */;
			projectDirPath = "";
			projectRoot = "";
			targets = (
				A1FFFFFE /* GitSwitch */,
			);
		};
/* End PBXProject section */

/* Begin PBXResourcesBuildPhase section */
		A1FFFFFB /* Resources */ = {
			isa = PBXResourcesBuildPhase;
			buildActionMask = 2147483647;
			files = (
				A1000013 /* Assets.xcassets in Resources */,
			);
			runOnlyForDeploymentPostprocessing = 0;
		};
/* End PBXResourcesBuildPhase section */

/* Begin PBXSourcesBuildPhase section */
		A1FFFFF9 /* Sources */ = {
			isa = PBXSourcesBuildPhase;
			buildActionMask = 2147483647;
			files = (
				A1000001 /* GitSwitchApp.swift in Sources */,
				A1000003 /* ContentView.swift in Sources */,
				A1000005 /* MenuBarView.swift in Sources */,
				A1000007 /* GitProfile.swift in Sources */,
				A1000009 /* ProfileViewModel.swift in Sources */,
				A100000B /* ProfileCardView.swift in Sources */,
				A100000D /* ProfileEditorView.swift in Sources */,
				A100000F /* GitConfigManager.swift in Sources */,
				A1000011 /* SSHConfigManager.swift in Sources */,
				A100001F /* FeedbackManager.swift in Sources */,
				A1000021 /* GHAuthManager.swift in Sources */,
				A1000023 /* ShellRunner.swift in Sources */,
				A1000025 /* ProfileScanner.swift in Sources */,
				A1000027 /* ScanResultsView.swift in Sources */,
			);
			runOnlyForDeploymentPostprocessing = 0;
		};
/* End PBXSourcesBuildPhase section */

/* Begin XCBuildConfiguration section */
		A100001A /* Debug */ = {
			isa = XCBuildConfiguration;
			buildSettings = {
				ALWAYS_SEARCH_USER_PATHS = NO;
				ASSETCATALOG_COMPILER_GENERATE_SWIFT_ASSET_SYMBOL_EXTENSIONS = YES;
				CLANG_ANALYZER_NONNULL = YES;
				CLANG_CXX_LANGUAGE_STANDARD = "gnu++20";
				CLANG_ENABLE_MODULES = YES;
				CLANG_ENABLE_OBJC_ARC = YES;
				CLANG_WARN_BLOCK_CAPTURE_AUTORELEASING = YES;
				CLANG_WARN_BOOL_CONVERSION = YES;
				CLANG_WARN_CONSTANT_CONVERSION = YES;
				CLANG_WARN_DEPRECATED_OBJC_IMPLEMENTATIONS = YES;
				CLANG_WARN_DIRECT_OBJC_ISA_USAGE = YES_ERROR;
				CLANG_WARN_DOCUMENTATION_COMMENTS = YES;
				CLANG_WARN_EMPTY_BODY = YES;
				CLANG_WARN_ENUM_CONVERSION = YES;
				CLANG_WARN_INFINITE_RECURSION = YES;
				CLANG_WARN_INT_CONVERSION = YES;
				CLANG_WARN_NON_LITERAL_NULL_CONVERSION = YES;
				CLANG_WARN_OBJC_IMPLICIT_RETAIN_SELF = YES;
				CLANG_WARN_OBJC_LITERAL_CONVERSION = YES;
				CLANG_WARN_OBJC_ROOT_CLASS = YES_ERROR;
				CLANG_WARN_QUOTED_INCLUDE_IN_FRAMEWORK_HEADER = YES;
				CLANG_WARN_RANGE_LOOP_ANALYSIS = YES;
				CLANG_WARN_STRICT_PROTOTYPES = YES;
				CLANG_WARN_SUSPICIOUS_MOVE = YES;
				CLANG_WARN_UNGUARDED_AVAILABILITY = YES_AGGRESSIVE;
				CLANG_WARN_UNREACHABLE_CODE = YES;
				CODE_SIGN_IDENTITY = "-";
				COPY_PHASE_STRIP = NO;
				DEBUG_INFORMATION_FORMAT = dwarf;
				ENABLE_STRICT_OBJC_MSGSEND = YES;
				ENABLE_TESTABILITY = YES;
				ENABLE_USER_SCRIPT_SANDBOXING = NO;
				GCC_C_LANGUAGE_STANDARD = gnu17;
				GCC_DYNAMIC_NO_PIC = NO;
				GCC_NO_COMMON_BLOCKS = YES;
				GCC_OPTIMIZATION_LEVEL = 0;
				GCC_PREPROCESSOR_DEFINITIONS = (
					"DEBUG=1",
					"$(inherited)",
				);
				GCC_WARN_64_TO_32_BIT_CONVERSION = YES;
				GCC_WARN_ABOUT_RETURN_TYPE = YES_ERROR;
				GCC_WARN_UNDECLARED_SELECTOR = YES;
				GCC_WARN_UNINITIALIZED_AUTOS = YES_AGGRESSIVE;
				GCC_WARN_UNUSED_FUNCTION = YES;
				GCC_WARN_UNUSED_VARIABLE = YES;
				LOCALIZATION_PREFERS_STRING_CATALOGS = YES;
				MACOSX_DEPLOYMENT_TARGET = 14.0;
				MTL_ENABLE_DEBUG_INFO = INCLUDE_SOURCE;
				MTL_FAST_MATH = YES;
				ONLY_ACTIVE_ARCH = YES;
				SDKROOT = macosx;
				SWIFT_ACTIVE_COMPILATION_CONDITIONS = "DEBUG $(inherited)";
				SWIFT_OPTIMIZATION_LEVEL = "-Onone";
			};
			name = Debug;
		};
		A100001B /* Release */ = {
			isa = XCBuildConfiguration;
			buildSettings = {
				ALWAYS_SEARCH_USER_PATHS = NO;
				ASSETCATALOG_COMPILER_GENERATE_SWIFT_ASSET_SYMBOL_EXTENSIONS = YES;
				CLANG_ANALYZER_NONNULL = YES;
				CLANG_CXX_LANGUAGE_STANDARD = "gnu++20";
				CLANG_ENABLE_MODULES = YES;
				CLANG_ENABLE_OBJC_ARC = YES;
				CLANG_WARN_BLOCK_CAPTURE_AUTORELEASING = YES;
				CLANG_WARN_BOOL_CONVERSION = YES;
				CLANG_WARN_CONSTANT_CONVERSION = YES;
				CLANG_WARN_DEPRECATED_OBJC_IMPLEMENTATIONS = YES;
				CLANG_WARN_DIRECT_OBJC_ISA_USAGE = YES_ERROR;
				CLANG_WARN_DOCUMENTATION_COMMENTS = YES;
				CLANG_WARN_EMPTY_BODY = YES;
				CLANG_WARN_ENUM_CONVERSION = YES;
				CLANG_WARN_INFINITE_RECURSION = YES;
				CLANG_WARN_INT_CONVERSION = YES;
				CLANG_WARN_NON_LITERAL_NULL_CONVERSION = YES;
				CLANG_WARN_OBJC_IMPLICIT_RETAIN_SELF = YES;
				CLANG_WARN_OBJC_LITERAL_CONVERSION = YES;
				CLANG_WARN_OBJC_ROOT_CLASS = YES_ERROR;
				CLANG_WARN_QUOTED_INCLUDE_IN_FRAMEWORK_HEADER = YES;
				CLANG_WARN_RANGE_LOOP_ANALYSIS = YES;
				CLANG_WARN_STRICT_PROTOTYPES = YES;
				CLANG_WARN_SUSPICIOUS_MOVE = YES;
				CLANG_WARN_UNGUARDED_AVAILABILITY = YES_AGGRESSIVE;
				CLANG_WARN_UNREACHABLE_CODE = YES;
				CODE_SIGN_IDENTITY = "-";
				COPY_PHASE_STRIP = NO;
				DEBUG_INFORMATION_FORMAT = "dwarf-with-dsym";
				ENABLE_NS_ASSERTIONS = NO;
				ENABLE_STRICT_OBJC_MSGSEND = YES;
				ENABLE_USER_SCRIPT_SANDBOXING = NO;
				GCC_C_LANGUAGE_STANDARD = gnu17;
				GCC_NO_COMMON_BLOCKS = YES;
				GCC_WARN_64_TO_32_BIT_CONVERSION = YES;
				GCC_WARN_ABOUT_RETURN_TYPE = YES_ERROR;
				GCC_WARN_UNDECLARED_SELECTOR = YES;
				GCC_WARN_UNINITIALIZED_AUTOS = YES_AGGRESSIVE;
				GCC_WARN_UNUSED_FUNCTION = YES;
				GCC_WARN_UNUSED_VARIABLE = YES;
				LOCALIZATION_PREFERS_STRING_CATALOGS = YES;
				MACOSX_DEPLOYMENT_TARGET = 14.0;
				MTL_ENABLE_DEBUG_INFO = NO;
				MTL_FAST_MATH = YES;
				SDKROOT = macosx;
				SWIFT_COMPILATION_MODE = wholemodule;
			};
			name = Release;
		};
		A100001C /* Debug */ = {
			isa = XCBuildConfiguration;
			buildSettings = {
				ASSETCATALOG_COMPILER_APPICON_NAME = AppIcon;
				ASSETCATALOG_COMPILER_INCLUDE_ALL_APPICON_ASSETS = YES;
				CODE_SIGN_ENTITLEMENTS = "";
				CODE_SIGN_STYLE = Automatic;
				COMBINE_HIDPI_IMAGES = YES;
				CURRENT_PROJECT_VERSION = 1;
				DEVELOPMENT_ASSET_PATHS = "";
				ENABLE_HARDENED_RUNTIME = YES;
				ENABLE_PREVIEWS = YES;
				GENERATE_INFOPLIST_FILE = YES;
				INFOPLIST_KEY_LSApplicationCategoryType = "public.app-category.developer-tools";
				INFOPLIST_KEY_LSUIElement = YES;
				INFOPLIST_KEY_NSHumanReadableCopyright = "";
				LD_RUNPATH_SEARCH_PATHS = (
					"$(inherited)",
					"@executable_path/../Frameworks",
				);
				MARKETING_VERSION = 1.0;
				PRODUCT_BUNDLE_IDENTIFIER = com.umarsiddiqui.GitSwitch;
				PRODUCT_NAME = "$(TARGET_NAME)";
				SWIFT_EMIT_LOC_STRINGS = YES;
				SWIFT_VERSION = 5.0;
			};
			name = Debug;
		};
		A100001D /* Release */ = {
			isa = XCBuildConfiguration;
			buildSettings = {
				ASSETCATALOG_COMPILER_APPICON_NAME = AppIcon;
				ASSETCATALOG_COMPILER_INCLUDE_ALL_APPICON_ASSETS = YES;
				CODE_SIGN_ENTITLEMENTS = "";
				CODE_SIGN_STYLE = Automatic;
				COMBINE_HIDPI_IMAGES = YES;
				CURRENT_PROJECT_VERSION = 1;
				DEVELOPMENT_ASSET_PATHS = "";
				ENABLE_HARDENED_RUNTIME = YES;
				ENABLE_PREVIEWS = YES;
				GENERATE_INFOPLIST_FILE = YES;
				INFOPLIST_KEY_LSApplicationCategoryType = "public.app-category.developer-tools";
				INFOPLIST_KEY_LSUIElement = YES;
				INFOPLIST_KEY_NSHumanReadableCopyright = "";
				LD_RUNPATH_SEARCH_PATHS = (
					"$(inherited)",
					"@executable_path/../Frameworks",
				);
				MARKETING_VERSION = 1.0;
				PRODUCT_BUNDLE_IDENTIFIER = com.umarsiddiqui.GitSwitch;
				PRODUCT_NAME = "$(TARGET_NAME)";
				SWIFT_EMIT_LOC_STRINGS = YES;
				SWIFT_VERSION = 5.0;
			};
			name = Release;
		};
/* End XCBuildConfiguration section */

/* Begin XCConfigurationList section */
		A1000019 /* Build configuration list for PBXNativeTarget "GitSwitch" */ = {
			isa = XCConfigurationList;
			buildConfigurations = (
				A100001C /* Debug */,
				A100001D /* Release */,
			);
			defaultConfigurationIsVisible = 0;
			defaultConfigurationName = Release;
		};
		A1FFFFF8 /* Build configuration list for PBXProject "GitSwitch" */ = {
			isa = XCConfigurationList;
			buildConfigurations = (
				A100001A /* Debug */,
				A100001B /* Release */,
			);
			defaultConfigurationIsVisible = 0;
			defaultConfigurationName = Release;
		};
/* End XCConfigurationList section */
	};
	rootObject = A1FFFFF7 /* Project object */;
}
